
Microsoft Visual Studio Solution File, Format Version 12.00
# Visual Studio Version 17
VisualStudioVersion = 17.0.31903.59
MinimumVisualStudioVersion = 10.0.40219.1
Project("{9A19103F-16F7-4668-BE54-9A1E7A4F7556}") = "MVC", "MVC\MVC.csproj", "{4D26A826-24DF-4B8D-BD84-9CFBE4DCE6C3}"
EndProject
Project("{9A19103F-16F7-4668-BE54-9A1E7A4F7556}") = "HtmlHelpers", "..\HtmlHelpers\HtmlHelpers\HtmlHelpers.csproj", "{02293BEF-8321-4C46-AE12-57E8E65EDE8C}"
EndProject
Global
	GlobalSection(SolutionConfigurationPlatforms) = preSolution
		Debug|Any CPU = Debug|Any CPU
		Release|Any CPU = Release|Any CPU
	EndGlobalSection
	GlobalSection(ProjectConfigurationPlatforms) = postSolution
		{4D26A826-24DF-4B8D-BD84-9CFBE4DCE6C3}.Debug|Any CPU.ActiveCfg = Debug|Any CPU
		{4D26A826-24DF-4B8D-BD84-9CFBE4DCE6C3}.Debug|Any CPU.Build.0 = Debug|Any CPU
		{4D26A826-24DF-4B8D-BD84-9CFBE4DCE6C3}.Release|Any CPU.ActiveCfg = Release|Any CPU
		{4D26A826-24DF-4B8D-BD84-9CFBE4DCE6C3}.Release|Any CPU.Build.0 = Release|Any CPU
		{02293BEF-8321-4C46-AE12-57E8E65EDE8C}.Debug|Any CPU.ActiveCfg = Debug|Any CPU
		{02293BEF-8321-4C46-AE12-57E8E65EDE8C}.Debug|Any CPU.Build.0 = Debug|Any CPU
		{02293BEF-8321-4C46-AE12-57E8E65EDE8C}.Release|Any CPU.ActiveCfg = Release|Any CPU
		{02293BEF-8321-4C46-AE12-57E8E65EDE8C}.Release|Any CPU.Build.0 = Release|Any CPU
	EndGlobalSection
	GlobalSection(SolutionProperties) = preSolution
		HideSolutionNode = FALSE
	EndGlobalSection
	GlobalSection(ExtensibilityGlobals) = postSolution
		SolutionGuid = {E65B45DC-289D-4912-97B3-1CD406B93947}
	EndGlobalSection
EndGlobal
